
Microsoft Visual Studio Solution File, Format Version 12.00
# Visual Studio Version 16
VisualStudioVersion = 16.0.31410.357
MinimumVisualStudioVersion = 10.0.40219.1
Project("{FAE04EC0-301F-11D3-BF4B-00C04F79EFBC}") = "TRMDataManager", "TRMDataManager\TRMDataManager.csproj", "{77D96F17-4B05-4B74-BBA4-9E16F86BF76D}"
EndProject
Project("{00D1A9C2-B5F0-4AF3-8072-F6C62B433612}") = "TRMData", "TRMData\TRMData.sqlproj", "{72111640-2E15-44B8-862F-C4AB24EB7B80}"
EndProject
Global
	GlobalSection(SolutionConfigurationPlatforms) = preSolution
		Debug|Any CPU = Debug|Any CPU
		Release|Any CPU = Release|Any CPU
	EndGlobalSection
	GlobalSection(ProjectConfigurationPlatforms) = postSolution
		{77D96F17-4B05-4B74-BBA4-9E16F86BF76D}.Debug|Any CPU.ActiveCfg = Debug|Any CPU
		{77D96F17-4B05-4B74-BBA4-9E16F86BF76D}.Debug|Any CPU.Build.0 = Debug|Any CPU
		{77D96F17-4B05-4B74-BBA4-9E16F86BF76D}.Release|Any CPU.ActiveCfg = Release|Any CPU
		{77D96F17-4B05-4B74-BBA4-9E16F86BF76D}.Release|Any CPU.Build.0 = Release|Any CPU
		{72111640-2E15-44B8-862F-C4AB24EB7B80}.Debug|Any CPU.ActiveCfg = Debug|Any CPU
		{72111640-2E15-44B8-862F-C4AB24EB7B80}.Debug|Any CPU.Build.0 = Debug|Any CPU
		{72111640-2E15-44B8-862F-C4AB24EB7B80}.Debug|Any CPU.Deploy.0 = Debug|Any CPU
		{72111640-2E15-44B8-862F-C4AB24EB7B80}.Release|Any CPU.ActiveCfg = Release|Any CPU
		{72111640-2E15-44B8-862F-C4AB24EB7B80}.Release|Any CPU.Build.0 = Release|Any CPU
		{72111640-2E15-44B8-862F-C4AB24EB7B80}.Release|Any CPU.Deploy.0 = Release|Any CPU
	EndGlobalSection
	GlobalSection(SolutionProperties) = preSolution
		HideSolutionNode = FALSE
	EndGlobalSection
	GlobalSection(ExtensibilityGlobals) = postSolution
		SolutionGuid = {65C65ACE-6622-4771-AB8E-1CBB66BE1577}
	EndGlobalSection
EndGlobal
